
Microsoft Visual Studio Solution File, Format Version 12.00
Project("{FAE04EC0-301F-11D3-BF4B-00C04F79EFBC}") = "ApiNet", "ApiNet\ApiNet.csproj", "{63DAD1E9-3CA7-4975-8663-E0D922D8451C}"
EndProject
Project("{FAE04EC0-301F-11D3-BF4B-00C04F79EFBC}") = "ApiNet.Tests", "ApiNet.Tests\ApiNet.Tests.csproj", "{98278CDC-CF9C-48D5-A70B-1325C51D17E2}"
EndProject
Global
	GlobalSection(SolutionConfigurationPlatforms) = preSolution
		Debug|Any CPU = Debug|Any CPU
		Release|Any CPU = Release|Any CPU
	EndGlobalSection
	GlobalSection(ProjectConfigurationPlatforms) = postSolution
		{63DAD1E9-3CA7-4975-8663-E0D922D8451C}.Debug|Any CPU.ActiveCfg = Debug|Any CPU
		{63DAD1E9-3CA7-4975-8663-E0D922D8451C}.Debug|Any CPU.Build.0 = Debug|Any CPU
		{63DAD1E9-3CA7-4975-8663-E0D922D8451C}.Release|Any CPU.ActiveCfg = Release|Any CPU
		{63DAD1E9-3CA7-4975-8663-E0D922D8451C}.Release|Any CPU.Build.0 = Release|Any CPU
		{98278CDC-CF9C-48D5-A70B-1325C51D17E2}.Debug|Any CPU.ActiveCfg = Debug|Any CPU
		{98278CDC-CF9C-48D5-A70B-1325C51D17E2}.Debug|Any CPU.Build.0 = Debug|Any CPU
		{98278CDC-CF9C-48D5-A70B-1325C51D17E2}.Release|Any CPU.ActiveCfg = Release|Any CPU
		{98278CDC-CF9C-48D5-A70B-1325C51D17E2}.Release|Any CPU.Build.0 = Release|Any CPU
	EndGlobalSection
EndGlobal
